
Microsoft Visual Studio Solution File, Format Version 12.00
# Visual Studio Version 17
VisualStudioVersion = 17.9.34728.123
MinimumVisualStudioVersion = 10.0.40219.1
Project("{FAE04EC0-301F-11D3-BF4B-00C04F79EFBC}") = "SimpleRPG", "SimpleRPG\SimpleRPG.csproj", "{A877258E-A54F-487C-9096-83FE58398BEB}"
EndProject
Global
	GlobalSection(SolutionConfigurationPlatforms) = preSolution
		Debug|Any CPU = Debug|Any CPU
		Release|Any CPU = Release|Any CPU
	EndGlobalSection
	GlobalSection(ProjectConfigurationPlatforms) = postSolution
		{A877258E-A54F-487C-9096-83FE58398BEB}.Debug|Any CPU.ActiveCfg = Debug|Any CPU
		{A877258E-A54F-487C-9096-83FE58398BEB}.Debug|Any CPU.Build.0 = Debug|Any CPU
		{A877258E-A54F-487C-9096-83FE58398BEB}.Release|Any CPU.ActiveCfg = Release|Any CPU
		{A877258E-A54F-487C-9096-83FE58398BEB}.Release|Any CPU.Build.0 = Release|Any CPU
	EndGlobalSection
	GlobalSection(SolutionProperties) = preSolution
		HideSolutionNode = FALSE
	EndGlobalSection
	GlobalSection(ExtensibilityGlobals) = postSolution
		SolutionGuid = {439361A8-4134-467B-B780-D858DC736941}
	EndGlobalSection
EndGlobal
